
Microsoft Visual Studio Solution File, Format Version 9.00
# Visual Studio 2005
Project("{FAE04EC0-301F-11D3-BF4B-00C04F79EFBC}") = "CommonCLR", "CommonCLR.csproj", "{498154C2-83E9-4533-89BD-168CE2BB07A3}"
EndProject
Global
	GlobalSection(SourceCodeControl) = preSolution
		SccNumberOfProjects = 2
		SccProjectUniqueName0 = CommonCLR.csproj
		SccLocalPath0 = .
		SccLocalPath1 = .
	EndGlobalSection
	GlobalSection(SolutionConfigurationPlatforms) = preSolution
		Debug|Any CPU = Debug|Any CPU
		Release|Any CPU = Release|Any CPU
	EndGlobalSection
	GlobalSection(ProjectConfigurationPlatforms) = postSolution
		{498154C2-83E9-4533-89BD-168CE2BB07A3}.Debug|Any CPU.ActiveCfg = Debug|Any CPU
		{498154C2-83E9-4533-89BD-168CE2BB07A3}.Debug|Any CPU.Build.0 = Debug|Any CPU
		{498154C2-83E9-4533-89BD-168CE2BB07A3}.Debug|Any CPU.Deploy.0 = Debug|Any CPU
		{498154C2-83E9-4533-89BD-168CE2BB07A3}.Release|Any CPU.ActiveCfg = Release|Any CPU
		{498154C2-83E9-4533-89BD-168CE2BB07A3}.Release|Any CPU.Build.0 = Release|Any CPU
		{498154C2-83E9-4533-89BD-168CE2BB07A3}.Release|Any CPU.Deploy.0 = Release|Any CPU
	EndGlobalSection
	GlobalSection(SolutionProperties) = preSolution
		HideSolutionNode = FALSE
	EndGlobalSection
EndGlobal
